
Microsoft Visual Studio Solution File, Format Version 12.00
Project("{FAE04EC0-301F-11D3-BF4B-00C04F79EFBC}") = "CharacterSheetCreator", "CharacterSheetCreator\CharacterSheetCreator\CharacterSheetCreator.csproj", "{93471156-58BA-4B2C-AB8B-646DAE1973AA}"
EndProject
Project("{FAE04EC0-301F-11D3-BF4B-00C04F79EFBC}") = "CharacterSheetCreator.Client", "CharacterSheetCreator\CharacterSheetCreator.Client\CharacterSheetCreator.Client.csproj", "{291D9580-2C58-48DD-99BF-570D24F5678C}"
EndProject
Global
	GlobalSection(SolutionConfigurationPlatforms) = preSolution
		Debug|Any CPU = Debug|Any CPU
		Release|Any CPU = Release|Any CPU
	EndGlobalSection
	GlobalSection(ProjectConfigurationPlatforms) = postSolution
		{93471156-58BA-4B2C-AB8B-646DAE1973AA}.Debug|Any CPU.ActiveCfg = Debug|Any CPU
		{93471156-58BA-4B2C-AB8B-646DAE1973AA}.Debug|Any CPU.Build.0 = Debug|Any CPU
		{93471156-58BA-4B2C-AB8B-646DAE1973AA}.Release|Any CPU.ActiveCfg = Release|Any CPU
		{93471156-58BA-4B2C-AB8B-646DAE1973AA}.Release|Any CPU.Build.0 = Release|Any CPU
		{291D9580-2C58-48DD-99BF-570D24F5678C}.Debug|Any CPU.ActiveCfg = Debug|Any CPU
		{291D9580-2C58-48DD-99BF-570D24F5678C}.Debug|Any CPU.Build.0 = Debug|Any CPU
		{291D9580-2C58-48DD-99BF-570D24F5678C}.Release|Any CPU.ActiveCfg = Release|Any CPU
		{291D9580-2C58-48DD-99BF-570D24F5678C}.Release|Any CPU.Build.0 = Release|Any CPU
	EndGlobalSection
EndGlobal
